// !$*UTF8*$!
{
	archiveVersion = 1;
	classes = {
	};
	objectVersion = 56;
	objects = {

/* Begin PBXBuildFile section */
		9C8877B72BC5E73C003DF91A /* AppDelegate.swift in Sources */ = {isa = PBXBuildFile; fileRef = 9C8877B62BC5E73C003DF91A /* AppDelegate.swift */; };
		9C8877BB2BC5E73C003DF91A /* Base in Resources */ = {isa = PBXBuildFile; fileRef = 9C8877BA2BC5E73C003DF91A /* Base */; };
		9C8877BD2BC5E73C003DF91A /* Icon.png in Resources */ = {isa = PBXBuildFile; fileRef = 9C8877BC2BC5E73C003DF91A /* Icon.png */; };
		9C8877BF2BC5E73C003DF91A /* Style.css in Resources */ = {isa = PBXBuildFile; fileRef = 9C8877BE2BC5E73C003DF91A /* Style.css */; };
		9C8877C12BC5E73C003DF91A /* Script.js in Resources */ = {isa = PBXBuildFile; fileRef = 9C8877C02BC5E73C003DF91A /* Script.js */; };
		9C8877C32BC5E73C003DF91A /* ViewController.swift in Sources */ = {isa = PBXBuildFile; fileRef = 9C8877C22BC5E73C003DF91A /* ViewController.swift */; };
		9C8877C62BC5E73C003DF91A /* Base in Resources */ = {isa = PBXBuildFile; fileRef = 9C8877C52BC5E73C003DF91A /* Base */; };
		9C8877C82BC5E73D003DF91A /* Assets.xcassets in Resources */ = {isa = PBXBuildFile; fileRef = 9C8877C72BC5E73D003DF91A /* Assets.xcassets */; };
		9C8877D02BC5E73D003DF91A /* Clone in VS Code Extension.appex in Embed Foundation Extensions */ = {isa = PBXBuildFile; fileRef = 9C8877CF2BC5E73D003DF91A /* Clone in VS Code Extension.appex */; settings = {ATTRIBUTES = (RemoveHeadersOnCopy, ); }; };
		9C8877D52BC5E73D003DF91A /* SafariWebExtensionHandler.swift in Sources */ = {isa = PBXBuildFile; fileRef = 9C8877D42BC5E73D003DF91A /* SafariWebExtensionHandler.swift */; };
		9C8877D82BC5E73D003DF91A /* _locales in Resources */ = {isa = PBXBuildFile; fileRef = 9C8877D72BC5E73D003DF91A /* _locales */; };
		9C8877DC2BC5E73D003DF91A /* manifest.json in Resources */ = {isa = PBXBuildFile; fileRef = 9C8877DB2BC5E73D003DF91A /* manifest.json */; };
		9C8877F52BC5E900003DF91A /* options.js in Resources */ = {isa = PBXBuildFile; fileRef = 9C8877F22BC5E900003DF91A /* options.js */; };
		9C8877F62BC5E900003DF91A /* background.js in Resources */ = {isa = PBXBuildFile; fileRef = 9C8877F32BC5E900003DF91A /* background.js */; };
		9C8877F72BC5E900003DF91A /* options.html in Resources */ = {isa = PBXBuildFile; fileRef = 9C8877F42BC5E900003DF91A /* options.html */; };
		9C8877FF2BC5E9AF003DF91A /* images in Resources */ = {isa = PBXBuildFile; fileRef = 9C8877FE2BC5E9AF003DF91A /* images */; };
/* End PBXBuildFile section */

/* Begin PBXContainerItemProxy section */
		9C8877D12BC5E73D003DF91A /* PBXContainerItemProxy */ = {
			isa = PBXContainerItemProxy;
			containerPortal = 9C8877AB2BC5E73C003DF91A /* Project object */;
			proxyType = 1;
			remoteGlobalIDString = 9C8877CE2BC5E73D003DF91A;
			remoteInfo = "Clone in VS Code Extension";
		};
/* End PBXContainerItemProxy section */

/* Begin PBXCopyFilesBuildPhase section */
		9C8877EE2BC5E73D003DF91A /* Embed Foundation Extensions */ = {
			isa = PBXCopyFilesBuildPhase;
			buildActionMask = 2147483647;
			dstPath = "";
			dstSubfolderSpec = 13;
			files = (
				9C8877D02BC5E73D003DF91A /* Clone in VS Code Extension.appex in Embed Foundation Extensions */,
			);
			name = "Embed Foundation Extensions";
			runOnlyForDeploymentPostprocessing = 0;
		};
/* End PBXCopyFilesBuildPhase section */

/* Begin PBXFileReference section */
		9C8877B32BC5E73C003DF91A /* Clone in VS Code.app */ = {isa = PBXFileReference; explicitFileType = wrapper.application; includeInIndex = 0; path = "Clone in VS Code.app"; sourceTree = BUILT_PRODUCTS_DIR; };
		9C8877B62BC5E73C003DF91A /* AppDelegate.swift */ = {isa = PBXFileReference; lastKnownFileType = sourcecode.swift; path = AppDelegate.swift; sourceTree = "<group>"; };
		9C8877BA2BC5E73C003DF91A /* Base */ = {isa = PBXFileReference; lastKnownFileType = text.html; name = Base; path = ../Base.lproj/Main.html; sourceTree = "<group>"; };
		9C8877BC2BC5E73C003DF91A /* Icon.png */ = {isa = PBXFileReference; lastKnownFileType = image.png; path = Icon.png; sourceTree = "<group>"; };
		9C8877BE2BC5E73C003DF91A /* Style.css */ = {isa = PBXFileReference; lastKnownFileType = text.css; path = Style.css; sourceTree = "<group>"; };
		9C8877C02BC5E73C003DF91A /* Script.js */ = {isa = PBXFileReference; lastKnownFileType = sourcecode.javascript; path = Script.js; sourceTree = "<group>"; };
		9C8877C22BC5E73C003DF91A /* ViewController.swift */ = {isa = PBXFileReference; lastKnownFileType = sourcecode.swift; path = ViewController.swift; sourceTree = "<group>"; };
		9C8877C52BC5E73C003DF91A /* Base */ = {isa = PBXFileReference; lastKnownFileType = file.storyboard; name = Base; path = Base.lproj/Main.storyboard; sourceTree = "<group>"; };
		9C8877C72BC5E73D003DF91A /* Assets.xcassets */ = {isa = PBXFileReference; lastKnownFileType = folder.assetcatalog; path = Assets.xcassets; sourceTree = "<group>"; };
		9C8877C92BC5E73D003DF91A /* Clone_in_VS_Code.entitlements */ = {isa = PBXFileReference; lastKnownFileType = text.plist.entitlements; path = Clone_in_VS_Code.entitlements; sourceTree = "<group>"; };
		9C8877CA2BC5E73D003DF91A /* Clone in VS Code.entitlements */ = {isa = PBXFileReference; lastKnownFileType = text.plist.entitlements; path = "Clone in VS Code.entitlements"; sourceTree = "<group>"; };
		9C8877CF2BC5E73D003DF91A /* Clone in VS Code Extension.appex */ = {isa = PBXFileReference; explicitFileType = "wrapper.app-extension"; includeInIndex = 0; path = "Clone in VS Code Extension.appex"; sourceTree = BUILT_PRODUCTS_DIR; };
		9C8877D42BC5E73D003DF91A /* SafariWebExtensionHandler.swift */ = {isa = PBXFileReference; lastKnownFileType = sourcecode.swift; path = SafariWebExtensionHandler.swift; sourceTree = "<group>"; };
		9C8877D72BC5E73D003DF91A /* _locales */ = {isa = PBXFileReference; lastKnownFileType = folder; path = _locales; sourceTree = "<group>"; };
		9C8877DB2BC5E73D003DF91A /* manifest.json */ = {isa = PBXFileReference; lastKnownFileType = text.json; path = manifest.json; sourceTree = "<group>"; };
		9C8877E72BC5E73D003DF91A /* Info.plist */ = {isa = PBXFileReference; lastKnownFileType = text.plist.xml; path = Info.plist; sourceTree = "<group>"; };
		9C8877E82BC5E73D003DF91A /* Clone_in_VS_Code_Extension.entitlements */ = {isa = PBXFileReference; lastKnownFileType = text.plist.entitlements; path = Clone_in_VS_Code_Extension.entitlements; sourceTree = "<group>"; };
		9C8877F22BC5E900003DF91A /* options.js */ = {isa = PBXFileReference; fileEncoding = 4; lastKnownFileType = sourcecode.javascript; path = options.js; sourceTree = "<group>"; };
		9C8877F32BC5E900003DF91A /* background.js */ = {isa = PBXFileReference; fileEncoding = 4; lastKnownFileType = sourcecode.javascript; path = background.js; sourceTree = "<group>"; };
		9C8877F42BC5E900003DF91A /* options.html */ = {isa = PBXFileReference; fileEncoding = 4; lastKnownFileType = text.html; path = options.html; sourceTree = "<group>"; };
		9C8877FE2BC5E9AF003DF91A /* images */ = {isa = PBXFileReference; lastKnownFileType = folder; path = images; sourceTree = "<group>"; };
		9CEE9EBD2BC6F17F0011D0C5 /* Info.plist */ = {isa = PBXFileReference; lastKnownFileType = text.plist.xml; path = Info.plist; sourceTree = "<group>"; };
/* End PBXFileReference section */

/* Begin PBXFrameworksBuildPhase section */
		9C8877B02BC5E73C003DF91A /* Frameworks */ = {
			isa = PBXFrameworksBuildPhase;
			buildActionMask = 2147483647;
			files = (
			);
			runOnlyForDeploymentPostprocessing = 0;
		};
		9C8877CC2BC5E73D003DF91A /* Frameworks */ = {
			isa = PBXFrameworksBuildPhase;
			buildActionMask = 2147483647;
			files = (
			);
			runOnlyForDeploymentPostprocessing = 0;
		};
/* End PBXFrameworksBuildPhase section */

/* Begin PBXGroup section */
		9C8877AA2BC5E73C003DF91A = {
			isa = PBXGroup;
			children = (
				9C8877B52BC5E73C003DF91A /* Clone in VS Code */,
				9C8877D32BC5E73D003DF91A /* Clone in VS Code Extension */,
				9C8877B42BC5E73C003DF91A /* Products */,
			);
			sourceTree = "<group>";
		};
		9C8877B42BC5E73C003DF91A /* Products */ = {
			isa = PBXGroup;
			children = (
				9C8877B32BC5E73C003DF91A /* Clone in VS Code.app */,
				9C8877CF2BC5E73D003DF91A /* Clone in VS Code Extension.appex */,
			);
			name = Products;
			sourceTree = "<group>";
		};
		9C8877B52BC5E73C003DF91A /* Clone in VS Code */ = {
			isa = PBXGroup;
			children = (
				9CEE9EBD2BC6F17F0011D0C5 /* Info.plist */,
				9C8877B62BC5E73C003DF91A /* AppDelegate.swift */,
				9C8877C22BC5E73C003DF91A /* ViewController.swift */,
				9C8877C42BC5E73C003DF91A /* Main.storyboard */,
				9C8877C72BC5E73D003DF91A /* Assets.xcassets */,
				9C8877C92BC5E73D003DF91A /* Clone_in_VS_Code.entitlements */,
				9C8877CA2BC5E73D003DF91A /* Clone in VS Code.entitlements */,
				9C8877B82BC5E73C003DF91A /* Resources */,
			);
			path = "Clone in VS Code";
			sourceTree = "<group>";
		};
		9C8877B82BC5E73C003DF91A /* Resources */ = {
			isa = PBXGroup;
			children = (
				9C8877B92BC5E73C003DF91A /* Main.html */,
				9C8877BC2BC5E73C003DF91A /* Icon.png */,
				9C8877BE2BC5E73C003DF91A /* Style.css */,
				9C8877C02BC5E73C003DF91A /* Script.js */,
			);
			path = Resources;
			sourceTree = "<group>";
		};
		9C8877D32BC5E73D003DF91A /* Clone in VS Code Extension */ = {
			isa = PBXGroup;
			children = (
				9C8877D42BC5E73D003DF91A /* SafariWebExtensionHandler.swift */,
				9C8877E72BC5E73D003DF91A /* Info.plist */,
				9C8877E82BC5E73D003DF91A /* Clone_in_VS_Code_Extension.entitlements */,
				9C8877D62BC5E73D003DF91A /* Resources */,
			);
			path = "Clone in VS Code Extension";
			sourceTree = "<group>";
		};
		9C8877D62BC5E73D003DF91A /* Resources */ = {
			isa = PBXGroup;
			children = (
				9C8877D72BC5E73D003DF91A /* _locales */,
				9C8877FE2BC5E9AF003DF91A /* images */,
				9C8877DB2BC5E73D003DF91A /* manifest.json */,
				9C8877F32BC5E900003DF91A /* background.js */,
				9C8877F42BC5E900003DF91A /* options.html */,
				9C8877F22BC5E900003DF91A /* options.js */,
			);
			path = Resources;
			sourceTree = "<group>";
		};
/* End PBXGroup section */

/* Begin PBXNativeTarget section */
		9C8877B22BC5E73C003DF91A /* Clone in VS Code */ = {
			isa = PBXNativeTarget;
			buildConfigurationList = 9C8877EF2BC5E73D003DF91A /* Build configuration list for PBXNativeTarget "Clone in VS Code" */;
			buildPhases = (
				9C8877AF2BC5E73C003DF91A /* Sources */,
				9C8877B02BC5E73C003DF91A /* Frameworks */,
				9C8877B12BC5E73C003DF91A /* Resources */,
				9C8877EE2BC5E73D003DF91A /* Embed Foundation Extensions */,
			);
			buildRules = (
			);
			dependencies = (
				9C8877D22BC5E73D003DF91A /* PBXTargetDependency */,
			);
			name = "Clone in VS Code";
			productName = "Clone in VS Code";
			productReference = 9C8877B32BC5E73C003DF91A /* Clone in VS Code.app */;
			productType = "com.apple.product-type.application";
		};
		9C8877CE2BC5E73D003DF91A /* Clone in VS Code Extension */ = {
			isa = PBXNativeTarget;
			buildConfigurationList = 9C8877EB2BC5E73D003DF91A /* Build configuration list for PBXNativeTarget "Clone in VS Code Extension" */;
			buildPhases = (
				9C8877CB2BC5E73D003DF91A /* Sources */,
				9C8877CC2BC5E73D003DF91A /* Frameworks */,
				9C8877CD2BC5E73D003DF91A /* Resources */,
			);
			buildRules = (
			);
			dependencies = (
			);
			name = "Clone in VS Code Extension";
			productName = "Clone in VS Code Extension";
			productReference = 9C8877CF2BC5E73D003DF91A /* Clone in VS Code Extension.appex */;
			productType = "com.apple.product-type.app-extension";
		};
/* End PBXNativeTarget section */

/* Begin PBXProject section */
		9C8877AB2BC5E73C003DF91A /* Project object */ = {
			isa = PBXProject;
			attributes = {
				BuildIndependentTargetsInParallel = 1;
				LastSwiftUpdateCheck = 1530;
				LastUpgradeCheck = 1620;
				TargetAttributes = {
					9C8877B22BC5E73C003DF91A = {
						CreatedOnToolsVersion = 15.3;
					};
					9C8877CE2BC5E73D003DF91A = {
						CreatedOnToolsVersion = 15.3;
					};
				};
			};
			buildConfigurationList = 9C8877AE2BC5E73C003DF91A /* Build configuration list for PBXProject "Clone in VS Code" */;
			compatibilityVersion = "Xcode 14.0";
			developmentRegion = en;
			hasScannedForEncodings = 0;
			knownRegions = (
				en,
				Base,
			);
			mainGroup = 9C8877AA2BC5E73C003DF91A;
			productRefGroup = 9C8877B42BC5E73C003DF91A /* Products */;
			projectDirPath = "";
			projectRoot = "";
			targets = (
				9C8877B22BC5E73C003DF91A /* Clone in VS Code */,
				9C8877CE2BC5E73D003DF91A /* Clone in VS Code Extension */,
			);
		};
/* End PBXProject section */

/* Begin PBXResourcesBuildPhase section */
		9C8877B12BC5E73C003DF91A /* Resources */ = {
			isa = PBXResourcesBuildPhase;
			buildActionMask = 2147483647;
			files = (
				9C8877BD2BC5E73C003DF91A /* Icon.png in Resources */,
				9C8877C12BC5E73C003DF91A /* Script.js in Resources */,
				9C8877BB2BC5E73C003DF91A /* Base in Resources */,
				9C8877BF2BC5E73C003DF91A /* Style.css in Resources */,
				9C8877C82BC5E73D003DF91A /* Assets.xcassets in Resources */,
				9C8877C62BC5E73C003DF91A /* Base in Resources */,
			);
			runOnlyForDeploymentPostprocessing = 0;
		};
		9C8877CD2BC5E73D003DF91A /* Resources */ = {
			isa = PBXResourcesBuildPhase;
			buildActionMask = 2147483647;
			files = (
				9C8877F52BC5E900003DF91A /* options.js in Resources */,
				9C8877DC2BC5E73D003DF91A /* manifest.json in Resources */,
				9C8877D82BC5E73D003DF91A /* _locales in Resources */,
				9C8877FF2BC5E9AF003DF91A /* images in Resources */,
				9C8877F62BC5E900003DF91A /* background.js in Resources */,
				9C8877F72BC5E900003DF91A /* options.html in Resources */,
			);
			runOnlyForDeploymentPostprocessing = 0;
		};
/* End PBXResourcesBuildPhase section */

/* Begin PBXSourcesBuildPhase section */
		9C8877AF2BC5E73C003DF91A /* Sources */ = {
			isa = PBXSourcesBuildPhase;
			buildActionMask = 2147483647;
			files = (
				9C8877C32BC5E73C003DF91A /* ViewController.swift in Sources */,
				9C8877B72BC5E73C003DF91A /* AppDelegate.swift in Sources */,
			);
			runOnlyForDeploymentPostprocessing = 0;
		};
		9C8877CB2BC5E73D003DF91A /* Sources */ = {
			isa = PBXSourcesBuildPhase;
			buildActionMask = 2147483647;
			files = (
				9C8877D52BC5E73D003DF91A /* SafariWebExtensionHandler.swift in Sources */,
			);
			runOnlyForDeploymentPostprocessing = 0;
		};
/* End PBXSourcesBuildPhase section */

/* Begin PBXTargetDependency section */
		9C8877D22BC5E73D003DF91A /* PBXTargetDependency */ = {
			isa = PBXTargetDependency;
			target = 9C8877CE2BC5E73D003DF91A /* Clone in VS Code Extension */;
			targetProxy = 9C8877D12BC5E73D003DF91A /* PBXContainerItemProxy */;
		};
/* End PBXTargetDependency section */

/* Begin PBXVariantGroup section */
		9C8877B92BC5E73C003DF91A /* Main.html */ = {
			isa = PBXVariantGroup;
			children = (
				9C8877BA2BC5E73C003DF91A /* Base */,
			);
			name = Main.html;
			sourceTree = "<group>";
		};
		9C8877C42BC5E73C003DF91A /* Main.storyboard */ = {
			isa = PBXVariantGroup;
			children = (
				9C8877C52BC5E73C003DF91A /* Base */,
			);
			name = Main.storyboard;
			sourceTree = "<group>";
		};
/* End PBXVariantGroup section */

/* Begin XCBuildConfiguration section */
		9C8877E92BC5E73D003DF91A /* Debug */ = {
			isa = XCBuildConfiguration;
			buildSettings = {
				ALWAYS_SEARCH_USER_PATHS = NO;
				ASSETCATALOG_COMPILER_GENERATE_SWIFT_ASSET_SYMBOL_EXTENSIONS = YES;
				CLANG_ANALYZER_NONNULL = YES;
				CLANG_ANALYZER_NUMBER_OBJECT_CONVERSION = YES_AGGRESSIVE;
				CLANG_CXX_LANGUAGE_STANDARD = "gnu++20";
				CLANG_ENABLE_MODULES = YES;
				CLANG_ENABLE_OBJC_ARC = YES;
				CLANG_ENABLE_OBJC_WEAK = YES;
				CLANG_WARN_BLOCK_CAPTURE_AUTORELEASING = YES;
				CLANG_WARN_BOOL_CONVERSION = YES;
				CLANG_WARN_COMMA = YES;
				CLANG_WARN_CONSTANT_CONVERSION = YES;
				CLANG_WARN_DEPRECATED_OBJC_IMPLEMENTATIONS = YES;
				CLANG_WARN_DIRECT_OBJC_ISA_USAGE = YES_ERROR;
				CLANG_WARN_DOCUMENTATION_COMMENTS = YES;
				CLANG_WARN_EMPTY_BODY = YES;
				CLANG_WARN_ENUM_CONVERSION = YES;
				CLANG_WARN_INFINITE_RECURSION = YES;
				CLANG_WARN_INT_CONVERSION = YES;
				CLANG_WARN_NON_LITERAL_NULL_CONVERSION = YES;
				CLANG_WARN_OBJC_IMPLICIT_RETAIN_SELF = YES;
				CLANG_WARN_OBJC_LITERAL_CONVERSION = YES;
				CLANG_WARN_OBJC_ROOT_CLASS = YES_ERROR;
				CLANG_WARN_QUOTED_INCLUDE_IN_FRAMEWORK_HEADER = YES;
				CLANG_WARN_RANGE_LOOP_ANALYSIS = YES;
				CLANG_WARN_STRICT_PROTOTYPES = YES;
				CLANG_WARN_SUSPICIOUS_MOVE = YES;
				CLANG_WARN_UNGUARDED_AVAILABILITY = YES_AGGRESSIVE;
				CLANG_WARN_UNREACHABLE_CODE = YES;
				CLANG_WARN__DUPLICATE_METHOD_MATCH = YES;
				COPY_PHASE_STRIP = NO;
				DEAD_CODE_STRIPPING = YES;
				DEBUG_INFORMATION_FORMAT = dwarf;
				ENABLE_STRICT_OBJC_MSGSEND = YES;
				ENABLE_TESTABILITY = YES;
				ENABLE_USER_SCRIPT_SANDBOXING = YES;
				GCC_C_LANGUAGE_STANDARD = gnu17;
				GCC_DYNAMIC_NO_PIC = NO;
				GCC_NO_COMMON_BLOCKS = YES;
				GCC_OPTIMIZATION_LEVEL = 0;
				GCC_PREPROCESSOR_DEFINITIONS = (
					"DEBUG=1",
					"$(inherited)",
				);
				GCC_WARN_64_TO_32_BIT_CONVERSION = YES;
				GCC_WARN_ABOUT_RETURN_TYPE = YES_ERROR;
				GCC_WARN_UNDECLARED_SELECTOR = YES;
				GCC_WARN_UNINITIALIZED_AUTOS = YES_AGGRESSIVE;
				GCC_WARN_UNUSED_FUNCTION = YES;
				GCC_WARN_UNUSED_VARIABLE = YES;
				LOCALIZATION_PREFERS_STRING_CATALOGS = YES;
				MACOSX_DEPLOYMENT_TARGET = 10.15;
				MTL_ENABLE_DEBUG_INFO = INCLUDE_SOURCE;
				MTL_FAST_MATH = YES;
				ONLY_ACTIVE_ARCH = YES;
				SDKROOT = macosx;
				SWIFT_ACTIVE_COMPILATION_CONDITIONS = "DEBUG $(inherited)";
				SWIFT_OPTIMIZATION_LEVEL = "-Onone";
			};
			name = Debug;
		};
		9C8877EA2BC5E73D003DF91A /* Release */ = {
			isa = XCBuildConfiguration;
			buildSettings = {
				ALWAYS_SEARCH_USER_PATHS = NO;
				ASSETCATALOG_COMPILER_GENERATE_SWIFT_ASSET_SYMBOL_EXTENSIONS = YES;
				CLANG_ANALYZER_NONNULL = YES;
				CLANG_ANALYZER_NUMBER_OBJECT_CONVERSION = YES_AGGRESSIVE;
				CLANG_CXX_LANGUAGE_STANDARD = "gnu++20";
				CLANG_ENABLE_MODULES = YES;
				CLANG_ENABLE_OBJC_ARC = YES;
				CLANG_ENABLE_OBJC_WEAK = YES;
				CLANG_WARN_BLOCK_CAPTURE_AUTORELEASING = YES;
				CLANG_WARN_BOOL_CONVERSION = YES;
				CLANG_WARN_COMMA = YES;
				CLANG_WARN_CONSTANT_CONVERSION = YES;
				CLANG_WARN_DEPRECATED_OBJC_IMPLEMENTATIONS = YES;
				CLANG_WARN_DIRECT_OBJC_ISA_USAGE = YES_ERROR;
				CLANG_WARN_DOCUMENTATION_COMMENTS = YES;
				CLANG_WARN_EMPTY_BODY = YES;
				CLANG_WARN_ENUM_CONVERSION = YES;
				CLANG_WARN_INFINITE_RECURSION = YES;
				CLANG_WARN_INT_CONVERSION = YES;
				CLANG_WARN_NON_LITERAL_NULL_CONVERSION = YES;
				CLANG_WARN_OBJC_IMPLICIT_RETAIN_SELF = YES;
				CLANG_WARN_OBJC_LITERAL_CONVERSION = YES;
				CLANG_WARN_OBJC_ROOT_CLASS = YES_ERROR;
				CLANG_WARN_QUOTED_INCLUDE_IN_FRAMEWORK_HEADER = YES;
				CLANG_WARN_RANGE_LOOP_ANALYSIS = YES;
				CLANG_WARN_STRICT_PROTOTYPES = YES;
				CLANG_WARN_SUSPICIOUS_MOVE = YES;
				CLANG_WARN_UNGUARDED_AVAILABILITY = YES_AGGRESSIVE;
				CLANG_WARN_UNREACHABLE_CODE = YES;
				CLANG_WARN__DUPLICATE_METHOD_MATCH = YES;
				COPY_PHASE_STRIP = NO;
				DEAD_CODE_STRIPPING = YES;
				DEBUG_INFORMATION_FORMAT = "dwarf-with-dsym";
				ENABLE_NS_ASSERTIONS = NO;
				ENABLE_STRICT_OBJC_MSGSEND = YES;
				ENABLE_USER_SCRIPT_SANDBOXING = YES;
				GCC_C_LANGUAGE_STANDARD = gnu17;
				GCC_NO_COMMON_BLOCKS = YES;
				GCC_WARN_64_TO_32_BIT_CONVERSION = YES;
				GCC_WARN_ABOUT_RETURN_TYPE = YES_ERROR;
				GCC_WARN_UNDECLARED_SELECTOR = YES;
				GCC_WARN_UNINITIALIZED_AUTOS = YES_AGGRESSIVE;
				GCC_WARN_UNUSED_FUNCTION = YES;
				GCC_WARN_UNUSED_VARIABLE = YES;
				LOCALIZATION_PREFERS_STRING_CATALOGS = YES;
				MACOSX_DEPLOYMENT_TARGET = 10.15;
				MTL_ENABLE_DEBUG_INFO = NO;
				MTL_FAST_MATH = YES;
				SDKROOT = macosx;
				SWIFT_COMPILATION_MODE = wholemodule;
			};
			name = Release;
		};
		9C8877EC2BC5E73D003DF91A /* Debug */ = {
			isa = XCBuildConfiguration;
			buildSettings = {
				CODE_SIGN_ENTITLEMENTS = "Clone in VS Code Extension/Clone_in_VS_Code_Extension.entitlements";
				CODE_SIGN_STYLE = Automatic;
				CURRENT_PROJECT_VERSION = 13;
				DEAD_CODE_STRIPPING = YES;
				DEVELOPMENT_TEAM = 3W9UA5X43W;
				ENABLE_HARDENED_RUNTIME = YES;
				GENERATE_INFOPLIST_FILE = YES;
				INFOPLIST_FILE = "Clone in VS Code Extension/Info.plist";
				INFOPLIST_KEY_CFBundleDisplayName = "Clone in VS Code Extension";
				INFOPLIST_KEY_NSHumanReadableCopyright = "© 2024 Ahnaf Mahmud";
				LD_RUNPATH_SEARCH_PATHS = (
					"$(inherited)",
					"@executable_path/../Frameworks",
					"@executable_path/../../../../Frameworks",
				);
				MACOSX_DEPLOYMENT_TARGET = 11.0;
				MARKETING_VERSION = 1.4.0;
				OTHER_LDFLAGS = (
					"-framework",
					SafariServices,
				);
				PRODUCT_BUNDLE_IDENTIFIER = "com.ip18.Clone-in-VS-Code.Extension";
				PRODUCT_NAME = "$(TARGET_NAME)";
				SKIP_INSTALL = YES;
				SWIFT_EMIT_LOC_STRINGS = YES;
				SWIFT_VERSION = 5.0;
			};
			name = Debug;
		};
		9C8877ED2BC5E73D003DF91A /* Release */ = {
			isa = XCBuildConfiguration;
			buildSettings = {
				CODE_SIGN_ENTITLEMENTS = "Clone in VS Code Extension/Clone_in_VS_Code_Extension.entitlements";
				CODE_SIGN_STYLE = Automatic;
				CURRENT_PROJECT_VERSION = 13;
				DEAD_CODE_STRIPPING = YES;
				DEVELOPMENT_TEAM = 3W9UA5X43W;
				ENABLE_HARDENED_RUNTIME = YES;
				GENERATE_INFOPLIST_FILE = YES;
				INFOPLIST_FILE = "Clone in VS Code Extension/Info.plist";
				INFOPLIST_KEY_CFBundleDisplayName = "Clone in VS Code Extension";
				INFOPLIST_KEY_NSHumanReadableCopyright = "© 2024 Ahnaf Mahmud";
				LD_RUNPATH_SEARCH_PATHS = (
					"$(inherited)",
					"@executable_path/../Frameworks",
					"@executable_path/../../../../Frameworks",
				);
				MACOSX_DEPLOYMENT_TARGET = 11.0;
				MARKETING_VERSION = 1.4.0;
				OTHER_LDFLAGS = (
					"-framework",
					SafariServices,
				);
				PRODUCT_BUNDLE_IDENTIFIER = "com.ip18.Clone-in-VS-Code.Extension";
				PRODUCT_NAME = "$(TARGET_NAME)";
				SKIP_INSTALL = YES;
				SWIFT_EMIT_LOC_STRINGS = YES;
				SWIFT_VERSION = 5.0;
			};
			name = Release;
		};
		9C8877F02BC5E73D003DF91A /* Debug */ = {
			isa = XCBuildConfiguration;
			buildSettings = {
				ASSETCATALOG_COMPILER_APPICON_NAME = AppIcon;
				ASSETCATALOG_COMPILER_GLOBAL_ACCENT_COLOR_NAME = AccentColor;
				CODE_SIGN_ENTITLEMENTS = "Clone in VS Code/Clone in VS Code.entitlements";
				CODE_SIGN_STYLE = Automatic;
				COMBINE_HIDPI_IMAGES = YES;
				CURRENT_PROJECT_VERSION = 13;
				DEAD_CODE_STRIPPING = YES;
				DEVELOPMENT_TEAM = 3W9UA5X43W;
				ENABLE_HARDENED_RUNTIME = YES;
				GENERATE_INFOPLIST_FILE = YES;
				INFOPLIST_FILE = "Clone in VS Code/Info.plist";
				INFOPLIST_KEY_CFBundleDisplayName = "Clone in VS Code";
				INFOPLIST_KEY_LSApplicationCategoryType = "public.app-category.developer-tools";
				INFOPLIST_KEY_NSHumanReadableCopyright = "© 2024 Ahnaf Mahmud";
				INFOPLIST_KEY_NSMainStoryboardFile = Main;
				INFOPLIST_KEY_NSPrincipalClass = NSApplication;
				LD_RUNPATH_SEARCH_PATHS = (
					"$(inherited)",
					"@executable_path/../Frameworks",
				);
				MACOSX_DEPLOYMENT_TARGET = 11.0;
				MARKETING_VERSION = 1.4.0;
				OTHER_LDFLAGS = (
					"-framework",
					SafariServices,
					"-framework",
					WebKit,
				);
				PRODUCT_BUNDLE_IDENTIFIER = "com.ip18.Clone-in-VS-Code";
				PRODUCT_NAME = "$(TARGET_NAME)";
				SWIFT_EMIT_LOC_STRINGS = YES;
				SWIFT_VERSION = 5.0;
			};
			name = Debug;
		};
		9C8877F12BC5E73D003DF91A /* Release */ = {
			isa = XCBuildConfiguration;
			buildSettings = {
				ASSETCATALOG_COMPILER_APPICON_NAME = AppIcon;
				ASSETCATALOG_COMPILER_GLOBAL_ACCENT_COLOR_NAME = AccentColor;
				CODE_SIGN_ENTITLEMENTS = "Clone in VS Code/Clone in VS Code.entitlements";
				CODE_SIGN_STYLE = Automatic;
				COMBINE_HIDPI_IMAGES = YES;
				CURRENT_PROJECT_VERSION = 13;
				DEAD_CODE_STRIPPING = YES;
				DEVELOPMENT_TEAM = 3W9UA5X43W;
				ENABLE_HARDENED_RUNTIME = YES;
				GENERATE_INFOPLIST_FILE = YES;
				INFOPLIST_FILE = "Clone in VS Code/Info.plist";
				INFOPLIST_KEY_CFBundleDisplayName = "Clone in VS Code";
				INFOPLIST_KEY_LSApplicationCategoryType = "public.app-category.developer-tools";
				INFOPLIST_KEY_NSHumanReadableCopyright = "© 2024 Ahnaf Mahmud";
				INFOPLIST_KEY_NSMainStoryboardFile = Main;
				INFOPLIST_KEY_NSPrincipalClass = NSApplication;
				LD_RUNPATH_SEARCH_PATHS = (
					"$(inherited)",
					"@executable_path/../Frameworks",
				);
				MACOSX_DEPLOYMENT_TARGET = 11.0;
				MARKETING_VERSION = 1.4.0;
				OTHER_LDFLAGS = (
					"-framework",
					SafariServices,
					"-framework",
					WebKit,
				);
				PRODUCT_BUNDLE_IDENTIFIER = "com.ip18.Clone-in-VS-Code";
				PRODUCT_NAME = "$(TARGET_NAME)";
				SWIFT_EMIT_LOC_STRINGS = YES;
				SWIFT_VERSION = 5.0;
			};
			name = Release;
		};
/* End XCBuildConfiguration section */

/* Begin XCConfigurationList section */
		9C8877AE2BC5E73C003DF91A /* Build configuration list for PBXProject "Clone in VS Code" */ = {
			isa = XCConfigurationList;
			buildConfigurations = (
				9C8877E92BC5E73D003DF91A /* Debug */,
				9C8877EA2BC5E73D003DF91A /* Release */,
			);
			defaultConfigurationIsVisible = 0;
			defaultConfigurationName = Release;
		};
		9C8877EB2BC5E73D003DF91A /* Build configuration list for PBXNativeTarget "Clone in VS Code Extension" */ = {
			isa = XCConfigurationList;
			buildConfigurations = (
				9C8877EC2BC5E73D003DF91A /* Debug */,
				9C8877ED2BC5E73D003DF91A /* Release */,
			);
			defaultConfigurationIsVisible = 0;
			defaultConfigurationName = Release;
		};
		9C8877EF2BC5E73D003DF91A /* Build configuration list for PBXNativeTarget "Clone in VS Code" */ = {
			isa = XCConfigurationList;
			buildConfigurations = (
				9C8877F02BC5E73D003DF91A /* Debug */,
				9C8877F12BC5E73D003DF91A /* Release */,
			);
			defaultConfigurationIsVisible = 0;
			defaultConfigurationName = Release;
		};
/* End XCConfigurationList section */
	};
	rootObject = 9C8877AB2BC5E73C003DF91A /* Project object */;
}
